
Microsoft Visual Studio Solution File, Format Version 12.00
# Visual Studio 15
VisualStudioVersion = 15.0.26124.0
MinimumVisualStudioVersion = 15.0.26124.0
Project("{2150E333-8FDC-42A3-9474-1A3956D46DE8}") = "src", "src", "{62339196-0C66-4057-A9C8-745808D0C848}"
EndProject
Project("{2150E333-8FDC-42A3-9474-1A3956D46DE8}") = "Infrasture", "Infrasture", "{B32A65C3-B9E4-4479-81A2-913C9D135E0E}"
EndProject
Project("{FAE04EC0-301F-11D3-BF4B-00C04F79EFBC}") = "WeShop.Infrasture.Common", "src\Infrasture\WeShop.Infrasture.Common\WeShop.Infrasture.Common.csproj", "{78FC58B4-8881-4139-AFB7-C977CB19CDA7}"
EndProject
Project("{FAE04EC0-301F-11D3-BF4B-00C04F79EFBC}") = "WeShop.Infrasture.Data", "src\Infrasture\WeShop.Infrasture.Data\WeShop.Infrasture.Data.csproj", "{3357BFA7-B941-4007-97BC-1B084BBDB449}"
EndProject
Project("{FAE04EC0-301F-11D3-BF4B-00C04F79EFBC}") = "WeShop.Infrasture.Repositories", "src\Infrasture\WeShop.Infrasture.Repositories\WeShop.Infrasture.Repositories.csproj", "{9EB370E7-BAD2-46BD-8A16-95BE0E1D6001}"
EndProject
Project("{2150E333-8FDC-42A3-9474-1A3956D46DE8}") = "Domain", "Domain", "{B3130239-0990-4258-A955-D67CFBD986F3}"
EndProject
Project("{FAE04EC0-301F-11D3-BF4B-00C04F79EFBC}") = "WeShop.Domain", "src\Domain\WeShop.Domain\WeShop.Domain.csproj", "{01A685B6-D982-4AB4-8FBA-D7E71F2A1B69}"
EndProject
Project("{2150E333-8FDC-42A3-9474-1A3956D46DE8}") = "Application", "Application", "{59313282-FC5F-4F3F-9E13-5A0E1C250F5A}"
EndProject
Project("{2150E333-8FDC-42A3-9474-1A3956D46DE8}") = "Presentation", "Presentation", "{C426DEA1-C5BC-40C7-97E0-9CCAE81C9C5B}"
EndProject
Project("{FAE04EC0-301F-11D3-BF4B-00C04F79EFBC}") = "WeShop.Identity", "src\Presentation\WeShop.Identity\WeShop.Identity.csproj", "{3DF74CFA-F8D5-4BE1-B063-CD2F5083200D}"
EndProject
Project("{FAE04EC0-301F-11D3-BF4B-00C04F79EFBC}") = "WeShop.WebApi", "src\Presentation\WeShop.WebApi\WeShop.WebApi.csproj", "{2BEC4E6B-1474-431D-A89C-9F2B361F3D27}"
EndProject
Project("{FAE04EC0-301F-11D3-BF4B-00C04F79EFBC}") = "WeShop.Domain.Abstract", "src\Domain\WeShop.Domain.Abstract\WeShop.Domain.Abstract.csproj", "{23FA5C53-3C3E-4226-93F8-B0EF730DDBBF}"
EndProject
Project("{FAE04EC0-301F-11D3-BF4B-00C04F79EFBC}") = "WeShop.Bootstrapper", "src\Presentation\WeShop.Bootstrapper\WeShop.Bootstrapper.csproj", "{238145EE-C514-420A-A8D2-38EC48879C2B}"
EndProject
Project("{FAE04EC0-301F-11D3-BF4B-00C04F79EFBC}") = "WeShop.IntegrationTests", "tests\WeShop.IntegrationTests\WeShop.IntegrationTests.csproj", "{0729505A-A9B7-457B-B4F0-61C9266989A9}"
EndProject
Project("{FAE04EC0-301F-11D3-BF4B-00C04F79EFBC}") = "WeShop.UnitTests", "tests\WeShop.UnitTests\WeShop.UnitTests.csproj", "{02CF448C-2743-46D6-B3DD-E453AF8C1706}"
EndProject
Project("{2150E333-8FDC-42A3-9474-1A3956D46DE8}") = "tests", "tests", "{D27F6B7C-FA27-470F-B67F-C4776472AB97}"
EndProject
Project("{FAE04EC0-301F-11D3-BF4B-00C04F79EFBC}") = "WeShop.Queries", "src\Application\WeShop.Queries\WeShop.Queries.csproj", "{5F9613C9-11F6-405F-A7F1-4A370F68F9A8}"
EndProject
Global
	GlobalSection(SolutionConfigurationPlatforms) = preSolution
		Debug|Any CPU = Debug|Any CPU
		Debug|x64 = Debug|x64
		Debug|x86 = Debug|x86
		Release|Any CPU = Release|Any CPU
		Release|x64 = Release|x64
		Release|x86 = Release|x86
	EndGlobalSection
	GlobalSection(SolutionProperties) = preSolution
		HideSolutionNode = FALSE
	EndGlobalSection
	GlobalSection(ProjectConfigurationPlatforms) = postSolution
		{78FC58B4-8881-4139-AFB7-C977CB19CDA7}.Debug|Any CPU.ActiveCfg = Debug|Any CPU
		{78FC58B4-8881-4139-AFB7-C977CB19CDA7}.Debug|Any CPU.Build.0 = Debug|Any CPU
		{78FC58B4-8881-4139-AFB7-C977CB19CDA7}.Debug|x64.ActiveCfg = Debug|Any CPU
		{78FC58B4-8881-4139-AFB7-C977CB19CDA7}.Debug|x64.Build.0 = Debug|Any CPU
		{78FC58B4-8881-4139-AFB7-C977CB19CDA7}.Debug|x86.ActiveCfg = Debug|Any CPU
		{78FC58B4-8881-4139-AFB7-C977CB19CDA7}.Debug|x86.Build.0 = Debug|Any CPU
		{78FC58B4-8881-4139-AFB7-C977CB19CDA7}.Release|Any CPU.ActiveCfg = Release|Any CPU
		{78FC58B4-8881-4139-AFB7-C977CB19CDA7}.Release|Any CPU.Build.0 = Release|Any CPU
		{78FC58B4-8881-4139-AFB7-C977CB19CDA7}.Release|x64.ActiveCfg = Release|Any CPU
		{78FC58B4-8881-4139-AFB7-C977CB19CDA7}.Release|x64.Build.0 = Release|Any CPU
		{78FC58B4-8881-4139-AFB7-C977CB19CDA7}.Release|x86.ActiveCfg = Release|Any CPU
		{78FC58B4-8881-4139-AFB7-C977CB19CDA7}.Release|x86.Build.0 = Release|Any CPU
		{3357BFA7-B941-4007-97BC-1B084BBDB449}.Debug|Any CPU.ActiveCfg = Debug|Any CPU
		{3357BFA7-B941-4007-97BC-1B084BBDB449}.Debug|Any CPU.Build.0 = Debug|Any CPU
		{3357BFA7-B941-4007-97BC-1B084BBDB449}.Debug|x64.ActiveCfg = Debug|Any CPU
		{3357BFA7-B941-4007-97BC-1B084BBDB449}.Debug|x64.Build.0 = Debug|Any CPU
		{3357BFA7-B941-4007-97BC-1B084BBDB449}.Debug|x86.ActiveCfg = Debug|Any CPU
		{3357BFA7-B941-4007-97BC-1B084BBDB449}.Debug|x86.Build.0 = Debug|Any CPU
		{3357BFA7-B941-4007-97BC-1B084BBDB449}.Release|Any CPU.ActiveCfg = Release|Any CPU
		{3357BFA7-B941-4007-97BC-1B084BBDB449}.Release|Any CPU.Build.0 = Release|Any CPU
		{3357BFA7-B941-4007-97BC-1B084BBDB449}.Release|x64.ActiveCfg = Release|Any CPU
		{3357BFA7-B941-4007-97BC-1B084BBDB449}.Release|x64.Build.0 = Release|Any CPU
		{3357BFA7-B941-4007-97BC-1B084BBDB449}.Release|x86.ActiveCfg = Release|Any CPU
		{3357BFA7-B941-4007-97BC-1B084BBDB449}.Release|x86.Build.0 = Release|Any CPU
		{9EB370E7-BAD2-46BD-8A16-95BE0E1D6001}.Debug|Any CPU.ActiveCfg = Debug|Any CPU
		{9EB370E7-BAD2-46BD-8A16-95BE0E1D6001}.Debug|Any CPU.Build.0 = Debug|Any CPU
		{9EB370E7-BAD2-46BD-8A16-95BE0E1D6001}.Debug|x64.ActiveCfg = Debug|Any CPU
		{9EB370E7-BAD2-46BD-8A16-95BE0E1D6001}.Debug|x64.Build.0 = Debug|Any CPU
		{9EB370E7-BAD2-46BD-8A16-95BE0E1D6001}.Debug|x86.ActiveCfg = Debug|Any CPU
		{9EB370E7-BAD2-46BD-8A16-95BE0E1D6001}.Debug|x86.Build.0 = Debug|Any CPU
		{9EB370E7-BAD2-46BD-8A16-95BE0E1D6001}.Release|Any CPU.ActiveCfg = Release|Any CPU
		{9EB370E7-BAD2-46BD-8A16-95BE0E1D6001}.Release|Any CPU.Build.0 = Release|Any CPU
		{9EB370E7-BAD2-46BD-8A16-95BE0E1D6001}.Release|x64.ActiveCfg = Release|Any CPU
		{9EB370E7-BAD2-46BD-8A16-95BE0E1D6001}.Release|x64.Build.0 = Release|Any CPU
		{9EB370E7-BAD2-46BD-8A16-95BE0E1D6001}.Release|x86.ActiveCfg = Release|Any CPU
		{9EB370E7-BAD2-46BD-8A16-95BE0E1D6001}.Release|x86.Build.0 = Release|Any CPU
		{01A685B6-D982-4AB4-8FBA-D7E71F2A1B69}.Debug|Any CPU.ActiveCfg = Debug|Any CPU
		{01A685B6-D982-4AB4-8FBA-D7E71F2A1B69}.Debug|Any CPU.Build.0 = Debug|Any CPU
		{01A685B6-D982-4AB4-8FBA-D7E71F2A1B69}.Debug|x64.ActiveCfg = Debug|Any CPU
		{01A685B6-D982-4AB4-8FBA-D7E71F2A1B69}.Debug|x64.Build.0 = Debug|Any CPU
		{01A685B6-D982-4AB4-8FBA-D7E71F2A1B69}.Debug|x86.ActiveCfg = Debug|Any CPU
		{01A685B6-D982-4AB4-8FBA-D7E71F2A1B69}.Debug|x86.Build.0 = Debug|Any CPU
		{01A685B6-D982-4AB4-8FBA-D7E71F2A1B69}.Release|Any CPU.ActiveCfg = Release|Any CPU
		{01A685B6-D982-4AB4-8FBA-D7E71F2A1B69}.Release|Any CPU.Build.0 = Release|Any CPU
		{01A685B6-D982-4AB4-8FBA-D7E71F2A1B69}.Release|x64.ActiveCfg = Release|Any CPU
		{01A685B6-D982-4AB4-8FBA-D7E71F2A1B69}.Release|x64.Build.0 = Release|Any CPU
		{01A685B6-D982-4AB4-8FBA-D7E71F2A1B69}.Release|x86.ActiveCfg = Release|Any CPU
		{01A685B6-D982-4AB4-8FBA-D7E71F2A1B69}.Release|x86.Build.0 = Release|Any CPU
		{3DF74CFA-F8D5-4BE1-B063-CD2F5083200D}.Debug|Any CPU.ActiveCfg = Debug|Any CPU
		{3DF74CFA-F8D5-4BE1-B063-CD2F5083200D}.Debug|Any CPU.Build.0 = Debug|Any CPU
		{3DF74CFA-F8D5-4BE1-B063-CD2F5083200D}.Debug|x64.ActiveCfg = Debug|Any CPU
		{3DF74CFA-F8D5-4BE1-B063-CD2F5083200D}.Debug|x64.Build.0 = Debug|Any CPU
		{3DF74CFA-F8D5-4BE1-B063-CD2F5083200D}.Debug|x86.ActiveCfg = Debug|Any CPU
		{3DF74CFA-F8D5-4BE1-B063-CD2F5083200D}.Debug|x86.Build.0 = Debug|Any CPU
		{3DF74CFA-F8D5-4BE1-B063-CD2F5083200D}.Release|Any CPU.ActiveCfg = Release|Any CPU
		{3DF74CFA-F8D5-4BE1-B063-CD2F5083200D}.Release|Any CPU.Build.0 = Release|Any CPU
		{3DF74CFA-F8D5-4BE1-B063-CD2F5083200D}.Release|x64.ActiveCfg = Release|Any CPU
		{3DF74CFA-F8D5-4BE1-B063-CD2F5083200D}.Release|x64.Build.0 = Release|Any CPU
		{3DF74CFA-F8D5-4BE1-B063-CD2F5083200D}.Release|x86.ActiveCfg = Release|Any CPU
		{3DF74CFA-F8D5-4BE1-B063-CD2F5083200D}.Release|x86.Build.0 = Release|Any CPU
		{2BEC4E6B-1474-431D-A89C-9F2B361F3D27}.Debug|Any CPU.ActiveCfg = Debug|Any CPU
		{2BEC4E6B-1474-431D-A89C-9F2B361F3D27}.Debug|Any CPU.Build.0 = Debug|Any CPU
		{2BEC4E6B-1474-431D-A89C-9F2B361F3D27}.Debug|x64.ActiveCfg = Debug|Any CPU
		{2BEC4E6B-1474-431D-A89C-9F2B361F3D27}.Debug|x64.Build.0 = Debug|Any CPU
		{2BEC4E6B-1474-431D-A89C-9F2B361F3D27}.Debug|x86.ActiveCfg = Debug|Any CPU
		{2BEC4E6B-1474-431D-A89C-9F2B361F3D27}.Debug|x86.Build.0 = Debug|Any CPU
		{2BEC4E6B-1474-431D-A89C-9F2B361F3D27}.Release|Any CPU.ActiveCfg = Release|Any CPU
		{2BEC4E6B-1474-431D-A89C-9F2B361F3D27}.Release|Any CPU.Build.0 = Release|Any CPU
		{2BEC4E6B-1474-431D-A89C-9F2B361F3D27}.Release|x64.ActiveCfg = Release|Any CPU
		{2BEC4E6B-1474-431D-A89C-9F2B361F3D27}.Release|x64.Build.0 = Release|Any CPU
		{2BEC4E6B-1474-431D-A89C-9F2B361F3D27}.Release|x86.ActiveCfg = Release|Any CPU
		{2BEC4E6B-1474-431D-A89C-9F2B361F3D27}.Release|x86.Build.0 = Release|Any CPU
		{23FA5C53-3C3E-4226-93F8-B0EF730DDBBF}.Debug|Any CPU.ActiveCfg = Debug|Any CPU
		{23FA5C53-3C3E-4226-93F8-B0EF730DDBBF}.Debug|Any CPU.Build.0 = Debug|Any CPU
		{23FA5C53-3C3E-4226-93F8-B0EF730DDBBF}.Debug|x64.ActiveCfg = Debug|Any CPU
		{23FA5C53-3C3E-4226-93F8-B0EF730DDBBF}.Debug|x64.Build.0 = Debug|Any CPU
		{23FA5C53-3C3E-4226-93F8-B0EF730DDBBF}.Debug|x86.ActiveCfg = Debug|Any CPU
		{23FA5C53-3C3E-4226-93F8-B0EF730DDBBF}.Debug|x86.Build.0 = Debug|Any CPU
		{23FA5C53-3C3E-4226-93F8-B0EF730DDBBF}.Release|Any CPU.ActiveCfg = Release|Any CPU
		{23FA5C53-3C3E-4226-93F8-B0EF730DDBBF}.Release|Any CPU.Build.0 = Release|Any CPU
		{23FA5C53-3C3E-4226-93F8-B0EF730DDBBF}.Release|x64.ActiveCfg = Release|Any CPU
		{23FA5C53-3C3E-4226-93F8-B0EF730DDBBF}.Release|x64.Build.0 = Release|Any CPU
		{23FA5C53-3C3E-4226-93F8-B0EF730DDBBF}.Release|x86.ActiveCfg = Release|Any CPU
		{23FA5C53-3C3E-4226-93F8-B0EF730DDBBF}.Release|x86.Build.0 = Release|Any CPU
		{238145EE-C514-420A-A8D2-38EC48879C2B}.Debug|Any CPU.ActiveCfg = Debug|Any CPU
		{238145EE-C514-420A-A8D2-38EC48879C2B}.Debug|Any CPU.Build.0 = Debug|Any CPU
		{238145EE-C514-420A-A8D2-38EC48879C2B}.Debug|x64.ActiveCfg = Debug|Any CPU
		{238145EE-C514-420A-A8D2-38EC48879C2B}.Debug|x64.Build.0 = Debug|Any CPU
		{238145EE-C514-420A-A8D2-38EC48879C2B}.Debug|x86.ActiveCfg = Debug|Any CPU
		{238145EE-C514-420A-A8D2-38EC48879C2B}.Debug|x86.Build.0 = Debug|Any CPU
		{238145EE-C514-420A-A8D2-38EC48879C2B}.Release|Any CPU.ActiveCfg = Release|Any CPU
		{238145EE-C514-420A-A8D2-38EC48879C2B}.Release|Any CPU.Build.0 = Release|Any CPU
		{238145EE-C514-420A-A8D2-38EC48879C2B}.Release|x64.ActiveCfg = Release|Any CPU
		{238145EE-C514-420A-A8D2-38EC48879C2B}.Release|x64.Build.0 = Release|Any CPU
		{238145EE-C514-420A-A8D2-38EC48879C2B}.Release|x86.ActiveCfg = Release|Any CPU
		{238145EE-C514-420A-A8D2-38EC48879C2B}.Release|x86.Build.0 = Release|Any CPU
		{0729505A-A9B7-457B-B4F0-61C9266989A9}.Debug|Any CPU.ActiveCfg = Debug|Any CPU
		{0729505A-A9B7-457B-B4F0-61C9266989A9}.Debug|Any CPU.Build.0 = Debug|Any CPU
		{0729505A-A9B7-457B-B4F0-61C9266989A9}.Debug|x64.ActiveCfg = Debug|Any CPU
		{0729505A-A9B7-457B-B4F0-61C9266989A9}.Debug|x64.Build.0 = Debug|Any CPU
		{0729505A-A9B7-457B-B4F0-61C9266989A9}.Debug|x86.ActiveCfg = Debug|Any CPU
		{0729505A-A9B7-457B-B4F0-61C9266989A9}.Debug|x86.Build.0 = Debug|Any CPU
		{0729505A-A9B7-457B-B4F0-61C9266989A9}.Release|Any CPU.ActiveCfg = Release|Any CPU
		{0729505A-A9B7-457B-B4F0-61C9266989A9}.Release|Any CPU.Build.0 = Release|Any CPU
		{0729505A-A9B7-457B-B4F0-61C9266989A9}.Release|x64.ActiveCfg = Release|Any CPU
		{0729505A-A9B7-457B-B4F0-61C9266989A9}.Release|x64.Build.0 = Release|Any CPU
		{0729505A-A9B7-457B-B4F0-61C9266989A9}.Release|x86.ActiveCfg = Release|Any CPU
		{0729505A-A9B7-457B-B4F0-61C9266989A9}.Release|x86.Build.0 = Release|Any CPU
		{02CF448C-2743-46D6-B3DD-E453AF8C1706}.Debug|Any CPU.ActiveCfg = Debug|Any CPU
		{02CF448C-2743-46D6-B3DD-E453AF8C1706}.Debug|Any CPU.Build.0 = Debug|Any CPU
		{02CF448C-2743-46D6-B3DD-E453AF8C1706}.Debug|x64.ActiveCfg = Debug|Any CPU
		{02CF448C-2743-46D6-B3DD-E453AF8C1706}.Debug|x64.Build.0 = Debug|Any CPU
		{02CF448C-2743-46D6-B3DD-E453AF8C1706}.Debug|x86.ActiveCfg = Debug|Any CPU
		{02CF448C-2743-46D6-B3DD-E453AF8C1706}.Debug|x86.Build.0 = Debug|Any CPU
		{02CF448C-2743-46D6-B3DD-E453AF8C1706}.Release|Any CPU.ActiveCfg = Release|Any CPU
		{02CF448C-2743-46D6-B3DD-E453AF8C1706}.Release|Any CPU.Build.0 = Release|Any CPU
		{02CF448C-2743-46D6-B3DD-E453AF8C1706}.Release|x64.ActiveCfg = Release|Any CPU
		{02CF448C-2743-46D6-B3DD-E453AF8C1706}.Release|x64.Build.0 = Release|Any CPU
		{02CF448C-2743-46D6-B3DD-E453AF8C1706}.Release|x86.ActiveCfg = Release|Any CPU
		{02CF448C-2743-46D6-B3DD-E453AF8C1706}.Release|x86.Build.0 = Release|Any CPU
		{5F9613C9-11F6-405F-A7F1-4A370F68F9A8}.Debug|Any CPU.ActiveCfg = Debug|Any CPU
		{5F9613C9-11F6-405F-A7F1-4A370F68F9A8}.Debug|Any CPU.Build.0 = Debug|Any CPU
		{5F9613C9-11F6-405F-A7F1-4A370F68F9A8}.Debug|x64.ActiveCfg = Debug|Any CPU
		{5F9613C9-11F6-405F-A7F1-4A370F68F9A8}.Debug|x64.Build.0 = Debug|Any CPU
		{5F9613C9-11F6-405F-A7F1-4A370F68F9A8}.Debug|x86.ActiveCfg = Debug|Any CPU
		{5F9613C9-11F6-405F-A7F1-4A370F68F9A8}.Debug|x86.Build.0 = Debug|Any CPU
		{5F9613C9-11F6-405F-A7F1-4A370F68F9A8}.Release|Any CPU.ActiveCfg = Release|Any CPU
		{5F9613C9-11F6-405F-A7F1-4A370F68F9A8}.Release|Any CPU.Build.0 = Release|Any CPU
		{5F9613C9-11F6-405F-A7F1-4A370F68F9A8}.Release|x64.ActiveCfg = Release|Any CPU
		{5F9613C9-11F6-405F-A7F1-4A370F68F9A8}.Release|x64.Build.0 = Release|Any CPU
		{5F9613C9-11F6-405F-A7F1-4A370F68F9A8}.Release|x86.ActiveCfg = Release|Any CPU
		{5F9613C9-11F6-405F-A7F1-4A370F68F9A8}.Release|x86.Build.0 = Release|Any CPU
	EndGlobalSection
	GlobalSection(NestedProjects) = preSolution
		{B32A65C3-B9E4-4479-81A2-913C9D135E0E} = {62339196-0C66-4057-A9C8-745808D0C848}
		{78FC58B4-8881-4139-AFB7-C977CB19CDA7} = {B32A65C3-B9E4-4479-81A2-913C9D135E0E}
		{3357BFA7-B941-4007-97BC-1B084BBDB449} = {B32A65C3-B9E4-4479-81A2-913C9D135E0E}
		{9EB370E7-BAD2-46BD-8A16-95BE0E1D6001} = {B32A65C3-B9E4-4479-81A2-913C9D135E0E}
		{B3130239-0990-4258-A955-D67CFBD986F3} = {62339196-0C66-4057-A9C8-745808D0C848}
		{01A685B6-D982-4AB4-8FBA-D7E71F2A1B69} = {B3130239-0990-4258-A955-D67CFBD986F3}
		{59313282-FC5F-4F3F-9E13-5A0E1C250F5A} = {62339196-0C66-4057-A9C8-745808D0C848}
		{C426DEA1-C5BC-40C7-97E0-9CCAE81C9C5B} = {62339196-0C66-4057-A9C8-745808D0C848}
		{3DF74CFA-F8D5-4BE1-B063-CD2F5083200D} = {C426DEA1-C5BC-40C7-97E0-9CCAE81C9C5B}
		{2BEC4E6B-1474-431D-A89C-9F2B361F3D27} = {C426DEA1-C5BC-40C7-97E0-9CCAE81C9C5B}
		{23FA5C53-3C3E-4226-93F8-B0EF730DDBBF} = {B3130239-0990-4258-A955-D67CFBD986F3}
		{238145EE-C514-420A-A8D2-38EC48879C2B} = {C426DEA1-C5BC-40C7-97E0-9CCAE81C9C5B}
		{0729505A-A9B7-457B-B4F0-61C9266989A9} = {D27F6B7C-FA27-470F-B67F-C4776472AB97}
		{02CF448C-2743-46D6-B3DD-E453AF8C1706} = {D27F6B7C-FA27-470F-B67F-C4776472AB97}
		{5F9613C9-11F6-405F-A7F1-4A370F68F9A8} = {59313282-FC5F-4F3F-9E13-5A0E1C250F5A}
	EndGlobalSection
EndGlobal
